
Microsoft Visual Studio Solution File, Format Version 12.00
# Visual Studio 15
VisualStudioVersion = 15.0.28307.421
MinimumVisualStudioVersion = 10.0.40219.1
Project("{9A19103F-16F7-4668-BE54-9A1E7A4F7556}") = "IS4IdentityServer", "IS4Identity\IS4IdentityServer\IS4IdentityServer.csproj", "{DE8F7300-E4E0-484D-9AD4-6D705EDA32BD}"
EndProject
Project("{FAE04EC0-301F-11D3-BF4B-00C04F79EFBC}") = "IS4ApiService", "IS4ApiService\IS4ApiService.csproj", "{28DAC129-EC1F-40E8-8978-8101259D3E62}"
EndProject
Project("{FAE04EC0-301F-11D3-BF4B-00C04F79EFBC}") = "IS4ClientApp", "IS4ClientApp\IS4ClientApp.csproj", "{9F794F94-2F9F-4BB0-AC1C-09474DC68BF9}"
EndProject
Global
	GlobalSection(SolutionConfigurationPlatforms) = preSolution
		Debug|Any CPU = Debug|Any CPU
		Release|Any CPU = Release|Any CPU
	EndGlobalSection
	GlobalSection(ProjectConfigurationPlatforms) = postSolution
		{DE8F7300-E4E0-484D-9AD4-6D705EDA32BD}.Debug|Any CPU.ActiveCfg = Debug|Any CPU
		{DE8F7300-E4E0-484D-9AD4-6D705EDA32BD}.Debug|Any CPU.Build.0 = Debug|Any CPU
		{DE8F7300-E4E0-484D-9AD4-6D705EDA32BD}.Release|Any CPU.ActiveCfg = Release|Any CPU
		{DE8F7300-E4E0-484D-9AD4-6D705EDA32BD}.Release|Any CPU.Build.0 = Release|Any CPU
		{28DAC129-EC1F-40E8-8978-8101259D3E62}.Debug|Any CPU.ActiveCfg = Debug|Any CPU
		{28DAC129-EC1F-40E8-8978-8101259D3E62}.Debug|Any CPU.Build.0 = Debug|Any CPU
		{28DAC129-EC1F-40E8-8978-8101259D3E62}.Release|Any CPU.ActiveCfg = Release|Any CPU
		{28DAC129-EC1F-40E8-8978-8101259D3E62}.Release|Any CPU.Build.0 = Release|Any CPU
		{9F794F94-2F9F-4BB0-AC1C-09474DC68BF9}.Debug|Any CPU.ActiveCfg = Debug|Any CPU
		{9F794F94-2F9F-4BB0-AC1C-09474DC68BF9}.Debug|Any CPU.Build.0 = Debug|Any CPU
		{9F794F94-2F9F-4BB0-AC1C-09474DC68BF9}.Release|Any CPU.ActiveCfg = Release|Any CPU
		{9F794F94-2F9F-4BB0-AC1C-09474DC68BF9}.Release|Any CPU.Build.0 = Release|Any CPU
	EndGlobalSection
	GlobalSection(SolutionProperties) = preSolution
		HideSolutionNode = FALSE
	EndGlobalSection
	GlobalSection(ExtensibilityGlobals) = postSolution
		SolutionGuid = {FE77C776-88F9-4553-A008-E22109B8F824}
	EndGlobalSection
EndGlobal
